
Microsoft Visual Studio Solution File, Format Version 12.00
# Visual Studio Version 16
VisualStudioVersion = 16.0.31727.386
MinimumVisualStudioVersion = 10.0.40219.1
Project("{FAE04EC0-301F-11D3-BF4B-00C04F79EFBC}") = "Task4", "Task4\Task4.csproj", "{B5029C6F-2FD8-4D0C-BE1B-E01C2F3C9DAA}"
EndProject
Global
	GlobalSection(SolutionConfigurationPlatforms) = preSolution
		Debug|Any CPU = Debug|Any CPU
		Release|Any CPU = Release|Any CPU
	EndGlobalSection
	GlobalSection(ProjectConfigurationPlatforms) = postSolution
		{B5029C6F-2FD8-4D0C-BE1B-E01C2F3C9DAA}.Debug|Any CPU.ActiveCfg = Debug|Any CPU
		{B5029C6F-2FD8-4D0C-BE1B-E01C2F3C9DAA}.Debug|Any CPU.Build.0 = Debug|Any CPU
		{B5029C6F-2FD8-4D0C-BE1B-E01C2F3C9DAA}.Release|Any CPU.ActiveCfg = Release|Any CPU
		{B5029C6F-2FD8-4D0C-BE1B-E01C2F3C9DAA}.Release|Any CPU.Build.0 = Release|Any CPU
	EndGlobalSection
	GlobalSection(SolutionProperties) = preSolution
		HideSolutionNode = FALSE
	EndGlobalSection
	GlobalSection(ExtensibilityGlobals) = postSolution
		SolutionGuid = {BD441DB1-90C2-4DBF-9035-B8294E77A2EF}
	EndGlobalSection
EndGlobal
