
Microsoft Visual Studio Solution File, Format Version 12.00
# Visual Studio Version 16
VisualStudioVersion = 16.0.31729.503
MinimumVisualStudioVersion = 10.0.40219.1
Project("{FAE04EC0-301F-11D3-BF4B-00C04F79EFBC}") = "Task1", "Task1\Task1.csproj", "{D121F3E8-6123-47FB-BDE5-AE6E9231C3E2}"
EndProject
Global
	GlobalSection(SolutionConfigurationPlatforms) = preSolution
		Debug|Any CPU = Debug|Any CPU
		Release|Any CPU = Release|Any CPU
	EndGlobalSection
	GlobalSection(ProjectConfigurationPlatforms) = postSolution
		{D121F3E8-6123-47FB-BDE5-AE6E9231C3E2}.Debug|Any CPU.ActiveCfg = Debug|Any CPU
		{D121F3E8-6123-47FB-BDE5-AE6E9231C3E2}.Debug|Any CPU.Build.0 = Debug|Any CPU
		{D121F3E8-6123-47FB-BDE5-AE6E9231C3E2}.Release|Any CPU.ActiveCfg = Release|Any CPU
		{D121F3E8-6123-47FB-BDE5-AE6E9231C3E2}.Release|Any CPU.Build.0 = Release|Any CPU
	EndGlobalSection
	GlobalSection(SolutionProperties) = preSolution
		HideSolutionNode = FALSE
	EndGlobalSection
	GlobalSection(ExtensibilityGlobals) = postSolution
		SolutionGuid = {97B478D4-148A-442D-BFE9-3C9DC75B9527}
	EndGlobalSection
EndGlobal
